// !$*UTF8*$!
{
	archiveVersion = 1;
	classes = {
	};
	objectVersion = 50;
	objects = {

/* Begin PBXBuildFile section */
		04A7F5D027EA2880FBB9CF54 /* libPods-UITableViewDemoUITests.a in Frameworks */ = {isa = PBXBuildFile; fileRef = CAB3FBCFC09F0DDE787719C8 /* libPods-UITableViewDemoUITests.a */; };
		4874516C672AADDA3CA6352F /* libPods-UITableViewDemoTests.a in Frameworks */ = {isa = PBXBuildFile; fileRef = AF80EEDDCD84AC559F7EFA5D /* libPods-UITableViewDemoTests.a */; };
		64963FB56BB7F08FA94FA1AA /* libPods-UITableViewDemo.a in Frameworks */ = {isa = PBXBuildFile; fileRef = E3A6B80C77566A9101F6D123 /* libPods-UITableViewDemo.a */; };
		E92490F421AD1F9800AF83E6 /* JTDataSource.m in Sources */ = {isa = PBXBuildFile; fileRef = E92490F321AD1F9800AF83E6 /* JTDataSource.m */; };
		E92490F721AE956800AF83E6 /* Present.m in Sources */ = {isa = PBXBuildFile; fileRef = E92490F621AE956800AF83E6 /* Present.m */; };
		E92490FA21AE962700AF83E6 /* CellModel.m in Sources */ = {isa = PBXBuildFile; fileRef = E92490F921AE962700AF83E6 /* CellModel.m */; };
		E92490FD21AED1BF00AF83E6 /* UIColor+Extension.m in Sources */ = {isa = PBXBuildFile; fileRef = E92490FC21AED1BF00AF83E6 /* UIColor+Extension.m */; };
		E9326D4C219BBA7300C547FD /* AppDelegate.m in Sources */ = {isa = PBXBuildFile; fileRef = E9326D4B219BBA7300C547FD /* AppDelegate.m */; };
		E9326D4F219BBA7300C547FD /* ViewController.m in Sources */ = {isa = PBXBuildFile; fileRef = E9326D4E219BBA7300C547FD /* ViewController.m */; };
		E9326D52219BBA7300C547FD /* Main.storyboard in Resources */ = {isa = PBXBuildFile; fileRef = E9326D50219BBA7300C547FD /* Main.storyboard */; };
		E9326D54219BBA7400C547FD /* Assets.xcassets in Resources */ = {isa = PBXBuildFile; fileRef = E9326D53219BBA7400C547FD /* Assets.xcassets */; };
		E9326D57219BBA7400C547FD /* LaunchScreen.storyboard in Resources */ = {isa = PBXBuildFile; fileRef = E9326D55219BBA7400C547FD /* LaunchScreen.storyboard */; };
		E9326D5A219BBA7400C547FD /* main.m in Sources */ = {isa = PBXBuildFile; fileRef = E9326D59219BBA7400C547FD /* main.m */; };
		E9326D64219BBA7400C547FD /* UITableViewDemoTests.m in Sources */ = {isa = PBXBuildFile; fileRef = E9326D63219BBA7400C547FD /* UITableViewDemoTests.m */; };
		E9326D6F219BBA7400C547FD /* UITableViewDemoUITests.m in Sources */ = {isa = PBXBuildFile; fileRef = E9326D6E219BBA7400C547FD /* UITableViewDemoUITests.m */; };
		E94ED62821A4EC9C00E93485 /* HttpRequestTool.m.orig in Resources */ = {isa = PBXBuildFile; fileRef = E94ED62321A4EC9B00E93485 /* HttpRequestTool.m.orig */; };
		E94ED62921A4EC9C00E93485 /* ReachabilityNetWorkUtils.m in Sources */ = {isa = PBXBuildFile; fileRef = E94ED62421A4EC9B00E93485 /* ReachabilityNetWorkUtils.m */; };
		E94ED62A21A4EC9C00E93485 /* HttpRequestTool.m in Sources */ = {isa = PBXBuildFile; fileRef = E94ED62621A4EC9C00E93485 /* HttpRequestTool.m */; };
		E94ED63121A4EEE600E93485 /* CustomPublicHUD.m in Sources */ = {isa = PBXBuildFile; fileRef = E94ED63021A4EEE600E93485 /* CustomPublicHUD.m */; };
		E9613B0D21A7F624006EAC81 /* JTParamsBaseModel.m in Sources */ = {isa = PBXBuildFile; fileRef = E9613B0C21A7F624006EAC81 /* JTParamsBaseModel.m */; };
		E9613B1021A7F85F006EAC81 /* LoginHandle.m in Sources */ = {isa = PBXBuildFile; fileRef = E9613B0F21A7F85F006EAC81 /* LoginHandle.m */; };
		E98FB0B021A455340083E500 /* MVPViewController.m in Sources */ = {isa = PBXBuildFile; fileRef = E98FB0AF21A455340083E500 /* MVPViewController.m */; };
		E98FB0B321A4553F0083E500 /* MVVMViewController.m in Sources */ = {isa = PBXBuildFile; fileRef = E98FB0B221A4553F0083E500 /* MVVMViewController.m */; };
		E98FB0B621A4554B0083E500 /* RACViewController.m in Sources */ = {isa = PBXBuildFile; fileRef = E98FB0B521A4554B0083E500 /* RACViewController.m */; };
		E9BEA84121A59AF000E8F827 /* Login.m in Sources */ = {isa = PBXBuildFile; fileRef = E9BEA84021A59AF000E8F827 /* Login.m */; };
		E9BEA84421A59D1300E8F827 /* NSString+Extension.m in Sources */ = {isa = PBXBuildFile; fileRef = E9BEA84321A59D1300E8F827 /* NSString+Extension.m */; };
		E9BEA84D21A5A41600E8F827 /* NSDictionary+Extension.m in Sources */ = {isa = PBXBuildFile; fileRef = E9BEA84C21A5A41600E8F827 /* NSDictionary+Extension.m */; };
		E9BEA85021A5A44A00E8F827 /* JTUserInfoTool.m in Sources */ = {isa = PBXBuildFile; fileRef = E9BEA84E21A5A44A00E8F827 /* JTUserInfoTool.m */; };
		E9BEA85421A5A4CB00E8F827 /* UserModel.m in Sources */ = {isa = PBXBuildFile; fileRef = E9BEA85321A5A4CB00E8F827 /* UserModel.m */; };
		E9E697F321AF7A51002F4F20 /* UIImage+UIImageFillet.m in Sources */ = {isa = PBXBuildFile; fileRef = E9E697F221AF7A51002F4F20 /* UIImage+UIImageFillet.m */; };
		E9F79E7521AAAB9B007F52F7 /* JTJGHandle.m in Sources */ = {isa = PBXBuildFile; fileRef = E9F79E7421AAAB9B007F52F7 /* JTJGHandle.m */; };
		E9F79E7821AAB3EB007F52F7 /* ActivityCellTableViewCell.m in Sources */ = {isa = PBXBuildFile; fileRef = E9F79E7721AAB3EB007F52F7 /* ActivityCellTableViewCell.m */; };
		E9F79E7B21AAB401007F52F7 /* DynamicCellTableViewCell.m in Sources */ = {isa = PBXBuildFile; fileRef = E9F79E7A21AAB401007F52F7 /* DynamicCellTableViewCell.m */; };
		E9F79E7E21AAB588007F52F7 /* HeadView.m in Sources */ = {isa = PBXBuildFile; fileRef = E9F79E7D21AAB588007F52F7 /* HeadView.m */; };
/* End PBXBuildFile section */

/* Begin PBXContainerItemProxy section */
		E9326D60219BBA7400C547FD /* PBXContainerItemProxy */ = {
			isa = PBXContainerItemProxy;
			containerPortal = E9326D3F219BBA7300C547FD /* Project object */;
			proxyType = 1;
			remoteGlobalIDString = E9326D46219BBA7300C547FD;
			remoteInfo = UITableViewDemo;
		};
		E9326D6B219BBA7400C547FD /* PBXContainerItemProxy */ = {
			isa = PBXContainerItemProxy;
			containerPortal = E9326D3F219BBA7300C547FD /* Project object */;
			proxyType = 1;
			remoteGlobalIDString = E9326D46219BBA7300C547FD;
			remoteInfo = UITableViewDemo;
		};
/* End PBXContainerItemProxy section */

/* Begin PBXFileReference section */
		0B840EA45842D168B51BE6CF /* Pods-UITableViewDemoTests.debug.xcconfig */ = {isa = PBXFileReference; includeInIndex = 1; lastKnownFileType = text.xcconfig; name = "Pods-UITableViewDemoTests.debug.xcconfig"; path = "Pods/Target Support Files/Pods-UITableViewDemoTests/Pods-UITableViewDemoTests.debug.xcconfig"; sourceTree = "<group>"; };
		627A42CFB3CACE5E04EE710E /* Pods-UITableViewDemo.debug.xcconfig */ = {isa = PBXFileReference; includeInIndex = 1; lastKnownFileType = text.xcconfig; name = "Pods-UITableViewDemo.debug.xcconfig"; path = "Pods/Target Support Files/Pods-UITableViewDemo/Pods-UITableViewDemo.debug.xcconfig"; sourceTree = "<group>"; };
		6EBC8220482ABB51AE383314 /* Pods-UITableViewDemoTests.release.xcconfig */ = {isa = PBXFileReference; includeInIndex = 1; lastKnownFileType = text.xcconfig; name = "Pods-UITableViewDemoTests.release.xcconfig"; path = "Pods/Target Support Files/Pods-UITableViewDemoTests/Pods-UITableViewDemoTests.release.xcconfig"; sourceTree = "<group>"; };
		82925C109421CB2FDE3CC599 /* Pods-UITableViewDemoUITests.release.xcconfig */ = {isa = PBXFileReference; includeInIndex = 1; lastKnownFileType = text.xcconfig; name = "Pods-UITableViewDemoUITests.release.xcconfig"; path = "Pods/Target Support Files/Pods-UITableViewDemoUITests/Pods-UITableViewDemoUITests.release.xcconfig"; sourceTree = "<group>"; };
		A750385896F2122727B74792 /* Pods-UITableViewDemo.release.xcconfig */ = {isa = PBXFileReference; includeInIndex = 1; lastKnownFileType = text.xcconfig; name = "Pods-UITableViewDemo.release.xcconfig"; path = "Pods/Target Support Files/Pods-UITableViewDemo/Pods-UITableViewDemo.release.xcconfig"; sourceTree = "<group>"; };
		AF80EEDDCD84AC559F7EFA5D /* libPods-UITableViewDemoTests.a */ = {isa = PBXFileReference; explicitFileType = archive.ar; includeInIndex = 0; path = "libPods-UITableViewDemoTests.a"; sourceTree = BUILT_PRODUCTS_DIR; };
		BCBD1CBE4F7FFE7E111075B5 /* Pods-UITableViewDemoUITests.debug.xcconfig */ = {isa = PBXFileReference; includeInIndex = 1; lastKnownFileType = text.xcconfig; name = "Pods-UITableViewDemoUITests.debug.xcconfig"; path = "Pods/Target Support Files/Pods-UITableViewDemoUITests/Pods-UITableViewDemoUITests.debug.xcconfig"; sourceTree = "<group>"; };
		CAB3FBCFC09F0DDE787719C8 /* libPods-UITableViewDemoUITests.a */ = {isa = PBXFileReference; explicitFileType = archive.ar; includeInIndex = 0; path = "libPods-UITableViewDemoUITests.a"; sourceTree = BUILT_PRODUCTS_DIR; };
		E3A6B80C77566A9101F6D123 /* libPods-UITableViewDemo.a */ = {isa = PBXFileReference; explicitFileType = archive.ar; includeInIndex = 0; path = "libPods-UITableViewDemo.a"; sourceTree = BUILT_PRODUCTS_DIR; };
		E92490F221AD1F9800AF83E6 /* JTDataSource.h */ = {isa = PBXFileReference; lastKnownFileType = sourcecode.c.h; path = JTDataSource.h; sourceTree = "<group>"; };
		E92490F321AD1F9800AF83E6 /* JTDataSource.m */ = {isa = PBXFileReference; lastKnownFileType = sourcecode.c.objc; path = JTDataSource.m; sourceTree = "<group>"; };
		E92490F521AE956800AF83E6 /* Present.h */ = {isa = PBXFileReference; lastKnownFileType = sourcecode.c.h; path = Present.h; sourceTree = "<group>"; };
		E92490F621AE956800AF83E6 /* Present.m */ = {isa = PBXFileReference; lastKnownFileType = sourcecode.c.objc; path = Present.m; sourceTree = "<group>"; };
		E92490F821AE962700AF83E6 /* CellModel.h */ = {isa = PBXFileReference; lastKnownFileType = sourcecode.c.h; path = CellModel.h; sourceTree = "<group>"; };
		E92490F921AE962700AF83E6 /* CellModel.m */ = {isa = PBXFileReference; lastKnownFileType = sourcecode.c.objc; path = CellModel.m; sourceTree = "<group>"; };
		E92490FB21AED1BF00AF83E6 /* UIColor+Extension.h */ = {isa = PBXFileReference; fileEncoding = 4; lastKnownFileType = sourcecode.c.h; path = "UIColor+Extension.h"; sourceTree = "<group>"; };
		E92490FC21AED1BF00AF83E6 /* UIColor+Extension.m */ = {isa = PBXFileReference; fileEncoding = 4; lastKnownFileType = sourcecode.c.objc; path = "UIColor+Extension.m"; sourceTree = "<group>"; };
		E9326D47219BBA7300C547FD /* UITableViewDemo.app */ = {isa = PBXFileReference; explicitFileType = wrapper.application; includeInIndex = 0; path = UITableViewDemo.app; sourceTree = BUILT_PRODUCTS_DIR; };
		E9326D4A219BBA7300C547FD /* AppDelegate.h */ = {isa = PBXFileReference; lastKnownFileType = sourcecode.c.h; path = AppDelegate.h; sourceTree = "<group>"; };
		E9326D4B219BBA7300C547FD /* AppDelegate.m */ = {isa = PBXFileReference; lastKnownFileType = sourcecode.c.objc; path = AppDelegate.m; sourceTree = "<group>"; };
		E9326D4D219BBA7300C547FD /* ViewController.h */ = {isa = PBXFileReference; lastKnownFileType = sourcecode.c.h; path = ViewController.h; sourceTree = "<group>"; };
		E9326D4E219BBA7300C547FD /* ViewController.m */ = {isa = PBXFileReference; lastKnownFileType = sourcecode.c.objc; path = ViewController.m; sourceTree = "<group>"; };
		E9326D51219BBA7300C547FD /* Base */ = {isa = PBXFileReference; lastKnownFileType = file.storyboard; name = Base; path = Base.lproj/Main.storyboard; sourceTree = "<group>"; };
		E9326D53219BBA7400C547FD /* Assets.xcassets */ = {isa = PBXFileReference; lastKnownFileType = folder.assetcatalog; path = Assets.xcassets; sourceTree = "<group>"; };
		E9326D56219BBA7400C547FD /* Base */ = {isa = PBXFileReference; lastKnownFileType = file.storyboard; name = Base; path = Base.lproj/LaunchScreen.storyboard; sourceTree = "<group>"; };
		E9326D58219BBA7400C547FD /* Info.plist */ = {isa = PBXFileReference; lastKnownFileType = text.plist.xml; path = Info.plist; sourceTree = "<group>"; };
		E9326D59219BBA7400C547FD /* main.m */ = {isa = PBXFileReference; lastKnownFileType = sourcecode.c.objc; path = main.m; sourceTree = "<group>"; };
		E9326D5F219BBA7400C547FD /* UITableViewDemoTests.xctest */ = {isa = PBXFileReference; explicitFileType = wrapper.cfbundle; includeInIndex = 0; path = UITableViewDemoTests.xctest; sourceTree = BUILT_PRODUCTS_DIR; };
		E9326D63219BBA7400C547FD /* UITableViewDemoTests.m */ = {isa = PBXFileReference; lastKnownFileType = sourcecode.c.objc; path = UITableViewDemoTests.m; sourceTree = "<group>"; };
		E9326D65219BBA7400C547FD /* Info.plist */ = {isa = PBXFileReference; lastKnownFileType = text.plist.xml; path = Info.plist; sourceTree = "<group>"; };
		E9326D6A219BBA7400C547FD /* UITableViewDemoUITests.xctest */ = {isa = PBXFileReference; explicitFileType = wrapper.cfbundle; includeInIndex = 0; path = UITableViewDemoUITests.xctest; sourceTree = BUILT_PRODUCTS_DIR; };
		E9326D6E219BBA7400C547FD /* UITableViewDemoUITests.m */ = {isa = PBXFileReference; lastKnownFileType = sourcecode.c.objc; path = UITableViewDemoUITests.m; sourceTree = "<group>"; };
		E9326D70219BBA7400C547FD /* Info.plist */ = {isa = PBXFileReference; lastKnownFileType = text.plist.xml; path = Info.plist; sourceTree = "<group>"; };
		E94ED62321A4EC9B00E93485 /* HttpRequestTool.m.orig */ = {isa = PBXFileReference; fileEncoding = 4; lastKnownFileType = text; path = HttpRequestTool.m.orig; sourceTree = "<group>"; };
		E94ED62421A4EC9B00E93485 /* ReachabilityNetWorkUtils.m */ = {isa = PBXFileReference; fileEncoding = 4; lastKnownFileType = sourcecode.c.objc; path = ReachabilityNetWorkUtils.m; sourceTree = "<group>"; };
		E94ED62521A4EC9C00E93485 /* ReachabilityNetWorkUtils.h */ = {isa = PBXFileReference; fileEncoding = 4; lastKnownFileType = sourcecode.c.h; path = ReachabilityNetWorkUtils.h; sourceTree = "<group>"; };
		E94ED62621A4EC9C00E93485 /* HttpRequestTool.m */ = {isa = PBXFileReference; fileEncoding = 4; lastKnownFileType = sourcecode.c.objc; path = HttpRequestTool.m; sourceTree = "<group>"; };
		E94ED62721A4EC9C00E93485 /* HttpRequestTool.h */ = {isa = PBXFileReference; fileEncoding = 4; lastKnownFileType = sourcecode.c.h; path = HttpRequestTool.h; sourceTree = "<group>"; };
		E94ED62C21A4ED2800E93485 /* APIConfig.h */ = {isa = PBXFileReference; lastKnownFileType = sourcecode.c.h; path = APIConfig.h; sourceTree = "<group>"; };
		E94ED62D21A4ED9700E93485 /* Prefix.pch */ = {isa = PBXFileReference; lastKnownFileType = sourcecode.c.h; path = Prefix.pch; sourceTree = "<group>"; };
		E94ED62F21A4EEE600E93485 /* CustomPublicHUD.h */ = {isa = PBXFileReference; fileEncoding = 4; lastKnownFileType = sourcecode.c.h; path = CustomPublicHUD.h; sourceTree = "<group>"; };
		E94ED63021A4EEE600E93485 /* CustomPublicHUD.m */ = {isa = PBXFileReference; fileEncoding = 4; lastKnownFileType = sourcecode.c.objc; path = CustomPublicHUD.m; sourceTree = "<group>"; };
		E94ED63221A4EFA400E93485 /* PublicConfig.h */ = {isa = PBXFileReference; lastKnownFileType = sourcecode.c.h; path = PublicConfig.h; sourceTree = "<group>"; };
		E94ED63321A4F05E00E93485 /* UIConfig.h */ = {isa = PBXFileReference; lastKnownFileType = sourcecode.c.h; path = UIConfig.h; sourceTree = "<group>"; };
		E9613B0B21A7F624006EAC81 /* JTParamsBaseModel.h */ = {isa = PBXFileReference; lastKnownFileType = sourcecode.c.h; path = JTParamsBaseModel.h; sourceTree = "<group>"; };
		E9613B0C21A7F624006EAC81 /* JTParamsBaseModel.m */ = {isa = PBXFileReference; lastKnownFileType = sourcecode.c.objc; path = JTParamsBaseModel.m; sourceTree = "<group>"; };
		E9613B0E21A7F85F006EAC81 /* LoginHandle.h */ = {isa = PBXFileReference; lastKnownFileType = sourcecode.c.h; path = LoginHandle.h; sourceTree = "<group>"; };
		E9613B0F21A7F85F006EAC81 /* LoginHandle.m */ = {isa = PBXFileReference; lastKnownFileType = sourcecode.c.objc; path = LoginHandle.m; sourceTree = "<group>"; };
		E98FB0AE21A455340083E500 /* MVPViewController.h */ = {isa = PBXFileReference; lastKnownFileType = sourcecode.c.h; path = MVPViewController.h; sourceTree = "<group>"; };
		E98FB0AF21A455340083E500 /* MVPViewController.m */ = {isa = PBXFileReference; lastKnownFileType = sourcecode.c.objc; path = MVPViewController.m; sourceTree = "<group>"; };
		E98FB0B121A4553F0083E500 /* MVVMViewController.h */ = {isa = PBXFileReference; lastKnownFileType = sourcecode.c.h; path = MVVMViewController.h; sourceTree = "<group>"; };
		E98FB0B221A4553F0083E500 /* MVVMViewController.m */ = {isa = PBXFileReference; lastKnownFileType = sourcecode.c.objc; path = MVVMViewController.m; sourceTree = "<group>"; };
		E98FB0B421A4554B0083E500 /* RACViewController.h */ = {isa = PBXFileReference; lastKnownFileType = sourcecode.c.h; path = RACViewController.h; sourceTree = "<group>"; };
		E98FB0B521A4554B0083E500 /* RACViewController.m */ = {isa = PBXFileReference; lastKnownFileType = sourcecode.c.objc; path = RACViewController.m; sourceTree = "<group>"; };
		E9BEA83F21A59AF000E8F827 /* Login.h */ = {isa = PBXFileReference; lastKnownFileType = sourcecode.c.h; path = Login.h; sourceTree = "<group>"; };
		E9BEA84021A59AF000E8F827 /* Login.m */ = {isa = PBXFileReference; lastKnownFileType = sourcecode.c.objc; path = Login.m; sourceTree = "<group>"; };
		E9BEA84221A59D1300E8F827 /* NSString+Extension.h */ = {isa = PBXFileReference; fileEncoding = 4; lastKnownFileType = sourcecode.c.h; path = "NSString+Extension.h"; sourceTree = "<group>"; };
		E9BEA84321A59D1300E8F827 /* NSString+Extension.m */ = {isa = PBXFileReference; fileEncoding = 4; lastKnownFileType = sourcecode.c.objc; path = "NSString+Extension.m"; sourceTree = "<group>"; };
		E9BEA84B21A5A41600E8F827 /* NSDictionary+Extension.h */ = {isa = PBXFileReference; fileEncoding = 4; lastKnownFileType = sourcecode.c.h; path = "NSDictionary+Extension.h"; sourceTree = "<group>"; };
		E9BEA84C21A5A41600E8F827 /* NSDictionary+Extension.m */ = {isa = PBXFileReference; fileEncoding = 4; lastKnownFileType = sourcecode.c.objc; path = "NSDictionary+Extension.m"; sourceTree = "<group>"; };
		E9BEA84E21A5A44A00E8F827 /* JTUserInfoTool.m */ = {isa = PBXFileReference; fileEncoding = 4; lastKnownFileType = sourcecode.c.objc; path = JTUserInfoTool.m; sourceTree = "<group>"; };
		E9BEA84F21A5A44A00E8F827 /* JTUserInfoTool.h */ = {isa = PBXFileReference; fileEncoding = 4; lastKnownFileType = sourcecode.c.h; path = JTUserInfoTool.h; sourceTree = "<group>"; };
		E9BEA85221A5A4CA00E8F827 /* UserModel.h */ = {isa = PBXFileReference; fileEncoding = 4; lastKnownFileType = sourcecode.c.h; path = UserModel.h; sourceTree = "<group>"; };
		E9BEA85321A5A4CB00E8F827 /* UserModel.m */ = {isa = PBXFileReference; fileEncoding = 4; lastKnownFileType = sourcecode.c.objc; path = UserModel.m; sourceTree = "<group>"; };
		E9E697F121AF7A51002F4F20 /* UIImage+UIImageFillet.h */ = {isa = PBXFileReference; lastKnownFileType = sourcecode.c.h; path = "UIImage+UIImageFillet.h"; sourceTree = "<group>"; };
		E9E697F221AF7A51002F4F20 /* UIImage+UIImageFillet.m */ = {isa = PBXFileReference; lastKnownFileType = sourcecode.c.objc; path = "UIImage+UIImageFillet.m"; sourceTree = "<group>"; };
		E9F79E7321AAAB9B007F52F7 /* JTJGHandle.h */ = {isa = PBXFileReference; lastKnownFileType = sourcecode.c.h; path = JTJGHandle.h; sourceTree = "<group>"; };
		E9F79E7421AAAB9B007F52F7 /* JTJGHandle.m */ = {isa = PBXFileReference; lastKnownFileType = sourcecode.c.objc; path = JTJGHandle.m; sourceTree = "<group>"; };
		E9F79E7621AAB3EB007F52F7 /* ActivityCellTableViewCell.h */ = {isa = PBXFileReference; lastKnownFileType = sourcecode.c.h; path = ActivityCellTableViewCell.h; sourceTree = "<group>"; };
		E9F79E7721AAB3EB007F52F7 /* ActivityCellTableViewCell.m */ = {isa = PBXFileReference; lastKnownFileType = sourcecode.c.objc; path = ActivityCellTableViewCell.m; sourceTree = "<group>"; };
		E9F79E7921AAB401007F52F7 /* DynamicCellTableViewCell.h */ = {isa = PBXFileReference; lastKnownFileType = sourcecode.c.h; path = DynamicCellTableViewCell.h; sourceTree = "<group>"; };
		E9F79E7A21AAB401007F52F7 /* DynamicCellTableViewCell.m */ = {isa = PBXFileReference; lastKnownFileType = sourcecode.c.objc; path = DynamicCellTableViewCell.m; sourceTree = "<group>"; };
		E9F79E7C21AAB588007F52F7 /* HeadView.h */ = {isa = PBXFileReference; lastKnownFileType = sourcecode.c.h; path = HeadView.h; sourceTree = "<group>"; };
		E9F79E7D21AAB588007F52F7 /* HeadView.m */ = {isa = PBXFileReference; lastKnownFileType = sourcecode.c.objc; path = HeadView.m; sourceTree = "<group>"; };
/* End PBXFileReference section */

/* Begin PBXFrameworksBuildPhase section */
		E9326D44219BBA7300C547FD /* Frameworks */ = {
			isa = PBXFrameworksBuildPhase;
			buildActionMask = 2147483647;
			files = (
				64963FB56BB7F08FA94FA1AA /* libPods-UITableViewDemo.a in Frameworks */,
			);
			runOnlyForDeploymentPostprocessing = 0;
		};
		E9326D5C219BBA7400C547FD /* Frameworks */ = {
			isa = PBXFrameworksBuildPhase;
			buildActionMask = 2147483647;
			files = (
				4874516C672AADDA3CA6352F /* libPods-UITableViewDemoTests.a in Frameworks */,
			);
			runOnlyForDeploymentPostprocessing = 0;
		};
		E9326D67219BBA7400C547FD /* Frameworks */ = {
			isa = PBXFrameworksBuildPhase;
			buildActionMask = 2147483647;
			files = (
				04A7F5D027EA2880FBB9CF54 /* libPods-UITableViewDemoUITests.a in Frameworks */,
			);
			runOnlyForDeploymentPostprocessing = 0;
		};
/* End PBXFrameworksBuildPhase section */

/* Begin PBXGroup section */
		3FD3C5911FAEDBE555F1A144 /* Frameworks */ = {
			isa = PBXGroup;
			children = (
				E3A6B80C77566A9101F6D123 /* libPods-UITableViewDemo.a */,
				AF80EEDDCD84AC559F7EFA5D /* libPods-UITableViewDemoTests.a */,
				CAB3FBCFC09F0DDE787719C8 /* libPods-UITableViewDemoUITests.a */,
			);
			name = Frameworks;
			sourceTree = "<group>";
		};
		AA3C1C2364554BE91405BE38 /* Pods */ = {
			isa = PBXGroup;
			children = (
				627A42CFB3CACE5E04EE710E /* Pods-UITableViewDemo.debug.xcconfig */,
				A750385896F2122727B74792 /* Pods-UITableViewDemo.release.xcconfig */,
				0B840EA45842D168B51BE6CF /* Pods-UITableViewDemoTests.debug.xcconfig */,
				6EBC8220482ABB51AE383314 /* Pods-UITableViewDemoTests.release.xcconfig */,
				BCBD1CBE4F7FFE7E111075B5 /* Pods-UITableViewDemoUITests.debug.xcconfig */,
				82925C109421CB2FDE3CC599 /* Pods-UITableViewDemoUITests.release.xcconfig */,
			);
			name = Pods;
			sourceTree = "<group>";
		};
		E9326D3E219BBA7300C547FD = {
			isa = PBXGroup;
			children = (
				E9326D49219BBA7300C547FD /* UITableViewDemo */,
				E9326D62219BBA7400C547FD /* UITableViewDemoTests */,
				E9326D6D219BBA7400C547FD /* UITableViewDemoUITests */,
				E9326D48219BBA7300C547FD /* Products */,
				AA3C1C2364554BE91405BE38 /* Pods */,
				3FD3C5911FAEDBE555F1A144 /* Frameworks */,
			);
			sourceTree = "<group>";
		};
		E9326D48219BBA7300C547FD /* Products */ = {
			isa = PBXGroup;
			children = (
				E9326D47219BBA7300C547FD /* UITableViewDemo.app */,
				E9326D5F219BBA7400C547FD /* UITableViewDemoTests.xctest */,
				E9326D6A219BBA7400C547FD /* UITableViewDemoUITests.xctest */,
			);
			name = Products;
			sourceTree = "<group>";
		};
		E9326D49219BBA7300C547FD /* UITableViewDemo */ = {
			isa = PBXGroup;
			children = (
				E9BEA83E21A59AC700E8F827 /* Login */,
				E94ED62E21A4EED500E93485 /* Other */,
				E94ED62B21A4ECC900E93485 /* ConfigFiles */,
				E98FB0BA21A45DF20083E500 /* Resources */,
				E98FB0B921A45D750083E500 /* Category */,
				E98FB0B821A45D320083E500 /* Lib */,
				E98FB0B721A45D230083E500 /* Net */,
				E98FB0AD21A44FB40083E500 /* RAC */,
				E98FB0AC21A44F560083E500 /* FDTemplateLayoutCell */,
				E98FB0AB21A44F450083E500 /* MVVM */,
				E98FB0AA21A44F340083E500 /* MVP */,
				E98FB0A921A44EE40083E500 /* MVC */,
				E9326D4A219BBA7300C547FD /* AppDelegate.h */,
				E9326D4B219BBA7300C547FD /* AppDelegate.m */,
				E9326D50219BBA7300C547FD /* Main.storyboard */,
				E9326D53219BBA7400C547FD /* Assets.xcassets */,
				E9326D55219BBA7400C547FD /* LaunchScreen.storyboard */,
				E9326D58219BBA7400C547FD /* Info.plist */,
				E9326D59219BBA7400C547FD /* main.m */,
			);
			path = UITableViewDemo;
			sourceTree = "<group>";
		};
		E9326D62219BBA7400C547FD /* UITableViewDemoTests */ = {
			isa = PBXGroup;
			children = (
				E9326D63219BBA7400C547FD /* UITableViewDemoTests.m */,
				E9326D65219BBA7400C547FD /* Info.plist */,
			);
			path = UITableViewDemoTests;
			sourceTree = "<group>";
		};
		E9326D6D219BBA7400C547FD /* UITableViewDemoUITests */ = {
			isa = PBXGroup;
			children = (
				E9326D6E219BBA7400C547FD /* UITableViewDemoUITests.m */,
				E9326D70219BBA7400C547FD /* Info.plist */,
			);
			path = UITableViewDemoUITests;
			sourceTree = "<group>";
		};
		E94ED62B21A4ECC900E93485 /* ConfigFiles */ = {
			isa = PBXGroup;
			children = (
				E94ED62C21A4ED2800E93485 /* APIConfig.h */,
				E94ED62D21A4ED9700E93485 /* Prefix.pch */,
				E94ED63221A4EFA400E93485 /* PublicConfig.h */,
				E94ED63321A4F05E00E93485 /* UIConfig.h */,
			);
			path = ConfigFiles;
			sourceTree = "<group>";
		};
		E94ED62E21A4EED500E93485 /* Other */ = {
			isa = PBXGroup;
			children = (
				E94ED62F21A4EEE600E93485 /* CustomPublicHUD.h */,
				E94ED63021A4EEE600E93485 /* CustomPublicHUD.m */,
			);
			path = Other;
			sourceTree = "<group>";
		};
		E9613B1121A7F866006EAC81 /* LoginHnadle */ = {
			isa = PBXGroup;
			children = (
				E9613B0E21A7F85F006EAC81 /* LoginHandle.h */,
				E9613B0F21A7F85F006EAC81 /* LoginHandle.m */,
			);
			path = LoginHnadle;
			sourceTree = "<group>";
		};
		E98FB0A921A44EE40083E500 /* MVC */ = {
			isa = PBXGroup;
			children = (
				E99143D821B4CA72005D5FE3 /* temp1 */,
				E99143D721B4CA68005D5FE3 /* temp */,
			);
			path = MVC;
			sourceTree = "<group>";
		};
		E98FB0AA21A44F340083E500 /* MVP */ = {
			isa = PBXGroup;
			children = (
				E98FB0AE21A455340083E500 /* MVPViewController.h */,
				E98FB0AF21A455340083E500 /* MVPViewController.m */,
			);
			path = MVP;
			sourceTree = "<group>";
		};
		E98FB0AB21A44F450083E500 /* MVVM */ = {
			isa = PBXGroup;
			children = (
				E98FB0B121A4553F0083E500 /* MVVMViewController.h */,
				E98FB0B221A4553F0083E500 /* MVVMViewController.m */,
			);
			path = MVVM;
			sourceTree = "<group>";
		};
		E98FB0AC21A44F560083E500 /* FDTemplateLayoutCell */ = {
			isa = PBXGroup;
			children = (
			);
			path = FDTemplateLayoutCell;
			sourceTree = "<group>";
		};
		E98FB0AD21A44FB40083E500 /* RAC */ = {
			isa = PBXGroup;
			children = (
				E98FB0B421A4554B0083E500 /* RACViewController.h */,
				E98FB0B521A4554B0083E500 /* RACViewController.m */,
			);
			path = RAC;
			sourceTree = "<group>";
		};
		E98FB0B721A45D230083E500 /* Net */ = {
			isa = PBXGroup;
			children = (
				E9BEA84F21A5A44A00E8F827 /* JTUserInfoTool.h */,
				E9BEA84E21A5A44A00E8F827 /* JTUserInfoTool.m */,
				E94ED62721A4EC9C00E93485 /* HttpRequestTool.h */,
				E94ED62621A4EC9C00E93485 /* HttpRequestTool.m */,
				E94ED62321A4EC9B00E93485 /* HttpRequestTool.m.orig */,
				E94ED62521A4EC9C00E93485 /* ReachabilityNetWorkUtils.h */,
				E94ED62421A4EC9B00E93485 /* ReachabilityNetWorkUtils.m */,
				E9613B0B21A7F624006EAC81 /* JTParamsBaseModel.h */,
				E9613B0C21A7F624006EAC81 /* JTParamsBaseModel.m */,
			);
			path = Net;
			sourceTree = "<group>";
		};
		E98FB0B821A45D320083E500 /* Lib */ = {
			isa = PBXGroup;
			children = (
			);
			path = Lib;
			sourceTree = "<group>";
		};
		E98FB0B921A45D750083E500 /* Category */ = {
			isa = PBXGroup;
			children = (
				E92490FB21AED1BF00AF83E6 /* UIColor+Extension.h */,
				E92490FC21AED1BF00AF83E6 /* UIColor+Extension.m */,
				E9BEA84B21A5A41600E8F827 /* NSDictionary+Extension.h */,
				E9BEA84C21A5A41600E8F827 /* NSDictionary+Extension.m */,
				E9BEA84221A59D1300E8F827 /* NSString+Extension.h */,
				E9BEA84321A59D1300E8F827 /* NSString+Extension.m */,
				E9E697F121AF7A51002F4F20 /* UIImage+UIImageFillet.h */,
				E9E697F221AF7A51002F4F20 /* UIImage+UIImageFillet.m */,
			);
			path = Category;
			sourceTree = "<group>";
		};
		E98FB0BA21A45DF20083E500 /* Resources */ = {
			isa = PBXGroup;
			children = (
			);
			path = Resources;
			sourceTree = "<group>";
		};
		E99143D721B4CA68005D5FE3 /* temp */ = {
			isa = PBXGroup;
			children = (
			);
			path = temp;
			sourceTree = "<group>";
		};
		E99143D821B4CA72005D5FE3 /* temp1 */ = {
			isa = PBXGroup;
			children = (
				E9326D4D219BBA7300C547FD /* ViewController.h */,
				E9326D4E219BBA7300C547FD /* ViewController.m */,
				E9F79E7C21AAB588007F52F7 /* HeadView.h */,
				E9F79E7D21AAB588007F52F7 /* HeadView.m */,
				E92490F521AE956800AF83E6 /* Present.h */,
				E92490F621AE956800AF83E6 /* Present.m */,
				E92490F821AE962700AF83E6 /* CellModel.h */,
				E92490F921AE962700AF83E6 /* CellModel.m */,
				E92490F221AD1F9800AF83E6 /* JTDataSource.h */,
				E92490F321AD1F9800AF83E6 /* JTDataSource.m */,
				E9F79E7621AAB3EB007F52F7 /* ActivityCellTableViewCell.h */,
				E9F79E7721AAB3EB007F52F7 /* ActivityCellTableViewCell.m */,
				E9F79E7921AAB401007F52F7 /* DynamicCellTableViewCell.h */,
				E9F79E7A21AAB401007F52F7 /* DynamicCellTableViewCell.m */,
				E9F79E7321AAAB9B007F52F7 /* JTJGHandle.h */,
				E9F79E7421AAAB9B007F52F7 /* JTJGHandle.m */,
			);
			path = temp1;
			sourceTree = "<group>";
		};
		E9BEA83E21A59AC700E8F827 /* Login */ = {
			isa = PBXGroup;
			children = (
				E9613B1121A7F866006EAC81 /* LoginHnadle */,
				E9BEA85121A5A4A700E8F827 /* Model */,
				E9BEA83F21A59AF000E8F827 /* Login.h */,
				E9BEA84021A59AF000E8F827 /* Login.m */,
			);
			path = Login;
			sourceTree = "<group>";
		};
		E9BEA85121A5A4A700E8F827 /* Model */ = {
			isa = PBXGroup;
			children = (
				E9BEA85221A5A4CA00E8F827 /* UserModel.h */,
				E9BEA85321A5A4CB00E8F827 /* UserModel.m */,
			);
			path = Model;
			sourceTree = "<group>";
		};
/* End PBXGroup section */

/* Begin PBXNativeTarget section */
		E9326D46219BBA7300C547FD /* UITableViewDemo */ = {
			isa = PBXNativeTarget;
			buildConfigurationList = E9326D73219BBA7400C547FD /* Build configuration list for PBXNativeTarget "UITableViewDemo" */;
			buildPhases = (
				AB89E6B49B788FFF1D651441 /* [CP] Check Pods Manifest.lock */,
				E9326D43219BBA7300C547FD /* Sources */,
				E9326D44219BBA7300C547FD /* Frameworks */,
				E9326D45219BBA7300C547FD /* Resources */,
				566B5DE2EEE583B2F3554FAA /* [CP] Copy Pods Resources */,
			);
			buildRules = (
			);
			dependencies = (
			);
			name = UITableViewDemo;
			productName = UITableViewDemo;
			productReference = E9326D47219BBA7300C547FD /* UITableViewDemo.app */;
			productType = "com.apple.product-type.application";
		};
		E9326D5E219BBA7400C547FD /* UITableViewDemoTests */ = {
			isa = PBXNativeTarget;
			buildConfigurationList = E9326D76219BBA7400C547FD /* Build configuration list for PBXNativeTarget "UITableViewDemoTests" */;
			buildPhases = (
				167709750547FFC8968D56A6 /* [CP] Check Pods Manifest.lock */,
				E9326D5B219BBA7400C547FD /* Sources */,
				E9326D5C219BBA7400C547FD /* Frameworks */,
				E9326D5D219BBA7400C547FD /* Resources */,
			);
			buildRules = (
			);
			dependencies = (
				E9326D61219BBA7400C547FD /* PBXTargetDependency */,
			);
			name = UITableViewDemoTests;
			productName = UITableViewDemoTests;
			productReference = E9326D5F219BBA7400C547FD /* UITableViewDemoTests.xctest */;
			productType = "com.apple.product-type.bundle.unit-test";
		};
		E9326D69219BBA7400C547FD /* UITableViewDemoUITests */ = {
			isa = PBXNativeTarget;
			buildConfigurationList = E9326D79219BBA7400C547FD /* Build configuration list for PBXNativeTarget "UITableViewDemoUITests" */;
			buildPhases = (
				6BFA552C6D2F4D6F4B5AD9E2 /* [CP] Check Pods Manifest.lock */,
				E9326D66219BBA7400C547FD /* Sources */,
				E9326D67219BBA7400C547FD /* Frameworks */,
				E9326D68219BBA7400C547FD /* Resources */,
			);
			buildRules = (
			);
			dependencies = (
				E9326D6C219BBA7400C547FD /* PBXTargetDependency */,
			);
			name = UITableViewDemoUITests;
			productName = UITableViewDemoUITests;
			productReference = E9326D6A219BBA7400C547FD /* UITableViewDemoUITests.xctest */;
			productType = "com.apple.product-type.bundle.ui-testing";
		};
/* End PBXNativeTarget section */

/* Begin PBXProject section */
		E9326D3F219BBA7300C547FD /* Project object */ = {
			isa = PBXProject;
			attributes = {
				LastUpgradeCheck = 1010;
				ORGANIZATIONNAME = CL.;
				TargetAttributes = {
					E9326D46219BBA7300C547FD = {
						CreatedOnToolsVersion = 10.1;
					};
					E9326D5E219BBA7400C547FD = {
						CreatedOnToolsVersion = 10.1;
						TestTargetID = E9326D46219BBA7300C547FD;
					};
					E9326D69219BBA7400C547FD = {
						CreatedOnToolsVersion = 10.1;
						TestTargetID = E9326D46219BBA7300C547FD;
					};
				};
			};
			buildConfigurationList = E9326D42219BBA7300C547FD /* Build configuration list for PBXProject "UITableViewDemo" */;
			compatibilityVersion = "Xcode 9.3";
			developmentRegion = en;
			hasScannedForEncodings = 0;
			knownRegions = (
				en,
				Base,
			);
			mainGroup = E9326D3E219BBA7300C547FD;
			productRefGroup = E9326D48219BBA7300C547FD /* Products */;
			projectDirPath = "";
			projectRoot = "";
			targets = (
				E9326D46219BBA7300C547FD /* UITableViewDemo */,
				E9326D5E219BBA7400C547FD /* UITableViewDemoTests */,
				E9326D69219BBA7400C547FD /* UITableViewDemoUITests */,
			);
		};
/* End PBXProject section */

/* Begin PBXResourcesBuildPhase section */
		E9326D45219BBA7300C547FD /* Resources */ = {
			isa = PBXResourcesBuildPhase;
			buildActionMask = 2147483647;
			files = (
				E9326D57219BBA7400C547FD /* LaunchScreen.storyboard in Resources */,
				E9326D54219BBA7400C547FD /* Assets.xcassets in Resources */,
				E9326D52219BBA7300C547FD /* Main.storyboard in Resources */,
				E94ED62821A4EC9C00E93485 /* HttpRequestTool.m.orig in Resources */,
			);
			runOnlyForDeploymentPostprocessing = 0;
		};
		E9326D5D219BBA7400C547FD /* Resources */ = {
			isa = PBXResourcesBuildPhase;
			buildActionMask = 2147483647;
			files = (
			);
			runOnlyForDeploymentPostprocessing = 0;
		};
		E9326D68219BBA7400C547FD /* Resources */ = {
			isa = PBXResourcesBuildPhase;
			buildActionMask = 2147483647;
			files = (
			);
			runOnlyForDeploymentPostprocessing = 0;
		};
/* End PBXResourcesBuildPhase section */

/* Begin PBXShellScriptBuildPhase section */
		167709750547FFC8968D56A6 /* [CP] Check Pods Manifest.lock */ = {
			isa = PBXShellScriptBuildPhase;
			buildActionMask = 2147483647;
			files = (
			);
			inputPaths = (
				"${PODS_PODFILE_DIR_PATH}/Podfile.lock",
				"${PODS_ROOT}/Manifest.lock",
			);
			name = "[CP] Check Pods Manifest.lock";
			outputPaths = (
				"$(DERIVED_FILE_DIR)/Pods-UITableViewDemoTests-checkManifestLockResult.txt",
			);
			runOnlyForDeploymentPostprocessing = 0;
			shellPath = /bin/sh;
			shellScript = "diff \"${PODS_PODFILE_DIR_PATH}/Podfile.lock\" \"${PODS_ROOT}/Manifest.lock\" > /dev/null\nif [ $? != 0 ] ; then\n    # print error to STDERR\n    echo \"error: The sandbox is not in sync with the Podfile.lock. Run 'pod install' or update your CocoaPods installation.\" >&2\n    exit 1\nfi\n# This output is used by Xcode 'outputs' to avoid re-running this script phase.\necho \"SUCCESS\" > \"${SCRIPT_OUTPUT_FILE_0}\"\n";
			showEnvVarsInLog = 0;
		};
		566B5DE2EEE583B2F3554FAA /* [CP] Copy Pods Resources */ = {
			isa = PBXShellScriptBuildPhase;
			buildActionMask = 2147483647;
			files = (
			);
			inputPaths = (
				"${SRCROOT}/Pods/Target Support Files/Pods-UITableViewDemo/Pods-UITableViewDemo-resources.sh",
				"${PODS_ROOT}/IQKeyboardManager/IQKeyboardManager/Resources/IQKeyboardManager.bundle",
				"${PODS_ROOT}/MJRefresh/MJRefresh/MJRefresh.bundle",
			);
			name = "[CP] Copy Pods Resources";
			outputPaths = (
				"${TARGET_BUILD_DIR}/${UNLOCALIZED_RESOURCES_FOLDER_PATH}/IQKeyboardManager.bundle",
				"${TARGET_BUILD_DIR}/${UNLOCALIZED_RESOURCES_FOLDER_PATH}/MJRefresh.bundle",
			);
			runOnlyForDeploymentPostprocessing = 0;
			shellPath = /bin/sh;
			shellScript = "\"${SRCROOT}/Pods/Target Support Files/Pods-UITableViewDemo/Pods-UITableViewDemo-resources.sh\"\n";
			showEnvVarsInLog = 0;
		};
		6BFA552C6D2F4D6F4B5AD9E2 /* [CP] Check Pods Manifest.lock */ = {
			isa = PBXShellScriptBuildPhase;
			buildActionMask = 2147483647;
			files = (
			);
			inputPaths = (
				"${PODS_PODFILE_DIR_PATH}/Podfile.lock",
				"${PODS_ROOT}/Manifest.lock",
			);
			name = "[CP] Check Pods Manifest.lock";
			outputPaths = (
				"$(DERIVED_FILE_DIR)/Pods-UITableViewDemoUITests-checkManifestLockResult.txt",
			);
			runOnlyForDeploymentPostprocessing = 0;
			shellPath = /bin/sh;
			shellScript = "diff \"${PODS_PODFILE_DIR_PATH}/Podfile.lock\" \"${PODS_ROOT}/Manifest.lock\" > /dev/null\nif [ $? != 0 ] ; then\n    # print error to STDERR\n    echo \"error: The sandbox is not in sync with the Podfile.lock. Run 'pod install' or update your CocoaPods installation.\" >&2\n    exit 1\nfi\n# This output is used by Xcode 'outputs' to avoid re-running this script phase.\necho \"SUCCESS\" > \"${SCRIPT_OUTPUT_FILE_0}\"\n";
			showEnvVarsInLog = 0;
		};
		AB89E6B49B788FFF1D651441 /* [CP] Check Pods Manifest.lock */ = {
			isa = PBXShellScriptBuildPhase;
			buildActionMask = 2147483647;
			files = (
			);
			inputPaths = (
				"${PODS_PODFILE_DIR_PATH}/Podfile.lock",
				"${PODS_ROOT}/Manifest.lock",
			);
			name = "[CP] Check Pods Manifest.lock";
			outputPaths = (
				"$(DERIVED_FILE_DIR)/Pods-UITableViewDemo-checkManifestLockResult.txt",
			);
			runOnlyForDeploymentPostprocessing = 0;
			shellPath = /bin/sh;
			shellScript = "diff \"${PODS_PODFILE_DIR_PATH}/Podfile.lock\" \"${PODS_ROOT}/Manifest.lock\" > /dev/null\nif [ $? != 0 ] ; then\n    # print error to STDERR\n    echo \"error: The sandbox is not in sync with the Podfile.lock. Run 'pod install' or update your CocoaPods installation.\" >&2\n    exit 1\nfi\n# This output is used by Xcode 'outputs' to avoid re-running this script phase.\necho \"SUCCESS\" > \"${SCRIPT_OUTPUT_FILE_0}\"\n";
			showEnvVarsInLog = 0;
		};
/* End PBXShellScriptBuildPhase section */

/* Begin PBXSourcesBuildPhase section */
		E9326D43219BBA7300C547FD /* Sources */ = {
			isa = PBXSourcesBuildPhase;
			buildActionMask = 2147483647;
			files = (
				E9613B0D21A7F624006EAC81 /* JTParamsBaseModel.m in Sources */,
				E94ED62A21A4EC9C00E93485 /* HttpRequestTool.m in Sources */,
				E92490FD21AED1BF00AF83E6 /* UIColor+Extension.m in Sources */,
				E9E697F321AF7A51002F4F20 /* UIImage+UIImageFillet.m in Sources */,
				E9F79E7E21AAB588007F52F7 /* HeadView.m in Sources */,
				E9F79E7B21AAB401007F52F7 /* DynamicCellTableViewCell.m in Sources */,
				E9326D4F219BBA7300C547FD /* ViewController.m in Sources */,
				E9BEA84D21A5A41600E8F827 /* NSDictionary+Extension.m in Sources */,
				E9BEA84121A59AF000E8F827 /* Login.m in Sources */,
				E94ED62921A4EC9C00E93485 /* ReachabilityNetWorkUtils.m in Sources */,
				E9F79E7821AAB3EB007F52F7 /* ActivityCellTableViewCell.m in Sources */,
				E98FB0B621A4554B0083E500 /* RACViewController.m in Sources */,
				E92490F421AD1F9800AF83E6 /* JTDataSource.m in Sources */,
				E9326D5A219BBA7400C547FD /* main.m in Sources */,
				E9326D4C219BBA7300C547FD /* AppDelegate.m in Sources */,
				E9BEA85421A5A4CB00E8F827 /* UserModel.m in Sources */,
				E9F79E7521AAAB9B007F52F7 /* JTJGHandle.m in Sources */,
				E98FB0B321A4553F0083E500 /* MVVMViewController.m in Sources */,
				E92490F721AE956800AF83E6 /* Present.m in Sources */,
				E98FB0B021A455340083E500 /* MVPViewController.m in Sources */,
				E94ED63121A4EEE600E93485 /* CustomPublicHUD.m in Sources */,
				E9613B1021A7F85F006EAC81 /* LoginHandle.m in Sources */,
				E9BEA85021A5A44A00E8F827 /* JTUserInfoTool.m in Sources */,
				E9BEA84421A59D1300E8F827 /* NSString+Extension.m in Sources */,
				E92490FA21AE962700AF83E6 /* CellModel.m in Sources */,
			);
			runOnlyForDeploymentPostprocessing = 0;
		};
		E9326D5B219BBA7400C547FD /* Sources */ = {
			isa = PBXSourcesBuildPhase;
			buildActionMask = 2147483647;
			files = (
				E9326D64219BBA7400C547FD /* UITableViewDemoTests.m in Sources */,
			);
			runOnlyForDeploymentPostprocessing = 0;
		};
		E9326D66219BBA7400C547FD /* Sources */ = {
			isa = PBXSourcesBuildPhase;
			buildActionMask = 2147483647;
			files = (
				E9326D6F219BBA7400C547FD /* UITableViewDemoUITests.m in Sources */,
			);
			runOnlyForDeploymentPostprocessing = 0;
		};
/* End PBXSourcesBuildPhase section */

/* Begin PBXTargetDependency section */
		E9326D61219BBA7400C547FD /* PBXTargetDependency */ = {
			isa = PBXTargetDependency;
			target = E9326D46219BBA7300C547FD /* UITableViewDemo */;
			targetProxy = E9326D60219BBA7400C547FD /* PBXContainerItemProxy */;
		};
		E9326D6C219BBA7400C547FD /* PBXTargetDependency */ = {
			isa = PBXTargetDependency;
			target = E9326D46219BBA7300C547FD /* UITableViewDemo */;
			targetProxy = E9326D6B219BBA7400C547FD /* PBXContainerItemProxy */;
		};
/* End PBXTargetDependency section */

/* Begin PBXVariantGroup section */
		E9326D50219BBA7300C547FD /* Main.storyboard */ = {
			isa = PBXVariantGroup;
			children = (
				E9326D51219BBA7300C547FD /* Base */,
			);
			name = Main.storyboard;
			sourceTree = "<group>";
		};
		E9326D55219BBA7400C547FD /* LaunchScreen.storyboard */ = {
			isa = PBXVariantGroup;
			children = (
				E9326D56219BBA7400C547FD /* Base */,
			);
			name = LaunchScreen.storyboard;
			sourceTree = "<group>";
		};
/* End PBXVariantGroup section */

/* Begin XCBuildConfiguration section */
		E9326D71219BBA7400C547FD /* Debug */ = {
			isa = XCBuildConfiguration;
			buildSettings = {
				ALWAYS_SEARCH_USER_PATHS = NO;
				CLANG_ANALYZER_NONNULL = YES;
				CLANG_ANALYZER_NUMBER_OBJECT_CONVERSION = YES_AGGRESSIVE;
				CLANG_CXX_LANGUAGE_STANDARD = "gnu++14";
				CLANG_CXX_LIBRARY = "libc++";
				CLANG_ENABLE_MODULES = YES;
				CLANG_ENABLE_OBJC_ARC = YES;
				CLANG_ENABLE_OBJC_WEAK = YES;
				CLANG_WARN_BLOCK_CAPTURE_AUTORELEASING = YES;
				CLANG_WARN_BOOL_CONVERSION = YES;
				CLANG_WARN_COMMA = YES;
				CLANG_WARN_CONSTANT_CONVERSION = YES;
				CLANG_WARN_DEPRECATED_OBJC_IMPLEMENTATIONS = YES;
				CLANG_WARN_DIRECT_OBJC_ISA_USAGE = YES_ERROR;
				CLANG_WARN_DOCUMENTATION_COMMENTS = YES;
				CLANG_WARN_EMPTY_BODY = YES;
				CLANG_WARN_ENUM_CONVERSION = YES;
				CLANG_WARN_INFINITE_RECURSION = YES;
				CLANG_WARN_INT_CONVERSION = YES;
				CLANG_WARN_NON_LITERAL_NULL_CONVERSION = YES;
				CLANG_WARN_OBJC_IMPLICIT_RETAIN_SELF = YES;
				CLANG_WARN_OBJC_LITERAL_CONVERSION = YES;
				CLANG_WARN_OBJC_ROOT_CLASS = YES_ERROR;
				CLANG_WARN_RANGE_LOOP_ANALYSIS = YES;
				CLANG_WARN_STRICT_PROTOTYPES = YES;
				CLANG_WARN_SUSPICIOUS_MOVE = YES;
				CLANG_WARN_UNGUARDED_AVAILABILITY = YES_AGGRESSIVE;
				CLANG_WARN_UNREACHABLE_CODE = YES;
				CLANG_WARN__DUPLICATE_METHOD_MATCH = YES;
				CODE_SIGN_IDENTITY = "iPhone Developer";
				COPY_PHASE_STRIP = NO;
				DEBUG_INFORMATION_FORMAT = dwarf;
				ENABLE_STRICT_OBJC_MSGSEND = YES;
				ENABLE_TESTABILITY = YES;
				GCC_C_LANGUAGE_STANDARD = gnu11;
				GCC_DYNAMIC_NO_PIC = NO;
				GCC_NO_COMMON_BLOCKS = YES;
				GCC_OPTIMIZATION_LEVEL = 0;
				GCC_PREPROCESSOR_DEFINITIONS = (
					"DEBUG=1",
					"$(inherited)",
				);
				GCC_WARN_64_TO_32_BIT_CONVERSION = YES;
				GCC_WARN_ABOUT_RETURN_TYPE = YES_ERROR;
				GCC_WARN_UNDECLARED_SELECTOR = YES;
				GCC_WARN_UNINITIALIZED_AUTOS = YES_AGGRESSIVE;
				GCC_WARN_UNUSED_FUNCTION = YES;
				GCC_WARN_UNUSED_VARIABLE = YES;
				IPHONEOS_DEPLOYMENT_TARGET = 12.1;
				MTL_ENABLE_DEBUG_INFO = INCLUDE_SOURCE;
				MTL_FAST_MATH = YES;
				ONLY_ACTIVE_ARCH = YES;
				SDKROOT = iphoneos;
			};
			name = Debug;
		};
		E9326D72219BBA7400C547FD /* Release */ = {
			isa = XCBuildConfiguration;
			buildSettings = {
				ALWAYS_SEARCH_USER_PATHS = NO;
				CLANG_ANALYZER_NONNULL = YES;
				CLANG_ANALYZER_NUMBER_OBJECT_CONVERSION = YES_AGGRESSIVE;
				CLANG_CXX_LANGUAGE_STANDARD = "gnu++14";
				CLANG_CXX_LIBRARY = "libc++";
				CLANG_ENABLE_MODULES = YES;
				CLANG_ENABLE_OBJC_ARC = YES;
				CLANG_ENABLE_OBJC_WEAK = YES;
				CLANG_WARN_BLOCK_CAPTURE_AUTORELEASING = YES;
				CLANG_WARN_BOOL_CONVERSION = YES;
				CLANG_WARN_COMMA = YES;
				CLANG_WARN_CONSTANT_CONVERSION = YES;
				CLANG_WARN_DEPRECATED_OBJC_IMPLEMENTATIONS = YES;
				CLANG_WARN_DIRECT_OBJC_ISA_USAGE = YES_ERROR;
				CLANG_WARN_DOCUMENTATION_COMMENTS = YES;
				CLANG_WARN_EMPTY_BODY = YES;
				CLANG_WARN_ENUM_CONVERSION = YES;
				CLANG_WARN_INFINITE_RECURSION = YES;
				CLANG_WARN_INT_CONVERSION = YES;
				CLANG_WARN_NON_LITERAL_NULL_CONVERSION = YES;
				CLANG_WARN_OBJC_IMPLICIT_RETAIN_SELF = YES;
				CLANG_WARN_OBJC_LITERAL_CONVERSION = YES;
				CLANG_WARN_OBJC_ROOT_CLASS = YES_ERROR;
				CLANG_WARN_RANGE_LOOP_ANALYSIS = YES;
				CLANG_WARN_STRICT_PROTOTYPES = YES;
				CLANG_WARN_SUSPICIOUS_MOVE = YES;
				CLANG_WARN_UNGUARDED_AVAILABILITY = YES_AGGRESSIVE;
				CLANG_WARN_UNREACHABLE_CODE = YES;
				CLANG_WARN__DUPLICATE_METHOD_MATCH = YES;
				CODE_SIGN_IDENTITY = "iPhone Developer";
				COPY_PHASE_STRIP = NO;
				DEBUG_INFORMATION_FORMAT = "dwarf-with-dsym";
				ENABLE_NS_ASSERTIONS = NO;
				ENABLE_STRICT_OBJC_MSGSEND = YES;
				GCC_C_LANGUAGE_STANDARD = gnu11;
				GCC_NO_COMMON_BLOCKS = YES;
				GCC_WARN_64_TO_32_BIT_CONVERSION = YES;
				GCC_WARN_ABOUT_RETURN_TYPE = YES_ERROR;
				GCC_WARN_UNDECLARED_SELECTOR = YES;
				GCC_WARN_UNINITIALIZED_AUTOS = YES_AGGRESSIVE;
				GCC_WARN_UNUSED_FUNCTION = YES;
				GCC_WARN_UNUSED_VARIABLE = YES;
				IPHONEOS_DEPLOYMENT_TARGET = 12.1;
				MTL_ENABLE_DEBUG_INFO = NO;
				MTL_FAST_MATH = YES;
				SDKROOT = iphoneos;
				VALIDATE_PRODUCT = YES;
			};
			name = Release;
		};
		E9326D74219BBA7400C547FD /* Debug */ = {
			isa = XCBuildConfiguration;
			baseConfigurationReference = 627A42CFB3CACE5E04EE710E /* Pods-UITableViewDemo.debug.xcconfig */;
			buildSettings = {
				ASSETCATALOG_COMPILER_APPICON_NAME = AppIcon;
				CODE_SIGN_STYLE = Automatic;
				DEVELOPMENT_TEAM = Z3L8JB7WBX;
				GCC_PREFIX_HEADER = "$(SRCROOT)/UITableViewDemo/ConfigFiles/Prefix.pch";
				INFOPLIST_FILE = UITableViewDemo/Info.plist;
				IPHONEOS_DEPLOYMENT_TARGET = 11.0;
				LD_RUNPATH_SEARCH_PATHS = (
					"$(inherited)",
					"@executable_path/Frameworks",
				);
				PRODUCT_BUNDLE_IDENTIFIER = com.charlie.UITableViewDemo;
				PRODUCT_NAME = "$(TARGET_NAME)";
				TARGETED_DEVICE_FAMILY = 1;
			};
			name = Debug;
		};
		E9326D75219BBA7400C547FD /* Release */ = {
			isa = XCBuildConfiguration;
			baseConfigurationReference = A750385896F2122727B74792 /* Pods-UITableViewDemo.release.xcconfig */;
			buildSettings = {
				ASSETCATALOG_COMPILER_APPICON_NAME = AppIcon;
				CODE_SIGN_STYLE = Automatic;
				DEVELOPMENT_TEAM = Z3L8JB7WBX;
				GCC_PREFIX_HEADER = "$(SRCROOT)/UITableViewDemo/ConfigFiles/Prefix.pch";
				INFOPLIST_FILE = UITableViewDemo/Info.plist;
				IPHONEOS_DEPLOYMENT_TARGET = 11.0;
				LD_RUNPATH_SEARCH_PATHS = (
					"$(inherited)",
					"@executable_path/Frameworks",
				);
				PRODUCT_BUNDLE_IDENTIFIER = com.charlie.UITableViewDemo;
				PRODUCT_NAME = "$(TARGET_NAME)";
				TARGETED_DEVICE_FAMILY = 1;
			};
			name = Release;
		};
		E9326D77219BBA7400C547FD /* Debug */ = {
			isa = XCBuildConfiguration;
			baseConfigurationReference = 0B840EA45842D168B51BE6CF /* Pods-UITableViewDemoTests.debug.xcconfig */;
			buildSettings = {
				BUNDLE_LOADER = "$(TEST_HOST)";
				CODE_SIGN_STYLE = Automatic;
				DEVELOPMENT_TEAM = Z3L8JB7WBX;
				INFOPLIST_FILE = UITableViewDemoTests/Info.plist;
				LD_RUNPATH_SEARCH_PATHS = (
					"$(inherited)",
					"@executable_path/Frameworks",
					"@loader_path/Frameworks",
				);
				PRODUCT_BUNDLE_IDENTIFIER = com.charlie.UITableViewDemoTests;
				PRODUCT_NAME = "$(TARGET_NAME)";
				TARGETED_DEVICE_FAMILY = "1,2";
				TEST_HOST = "$(BUILT_PRODUCTS_DIR)/UITableViewDemo.app/UITableViewDemo";
			};
			name = Debug;
		};
		E9326D78219BBA7400C547FD /* Release */ = {
			isa = XCBuildConfiguration;
			baseConfigurationReference = 6EBC8220482ABB51AE383314 /* Pods-UITableViewDemoTests.release.xcconfig */;
			buildSettings = {
				BUNDLE_LOADER = "$(TEST_HOST)";
				CODE_SIGN_STYLE = Automatic;
				DEVELOPMENT_TEAM = Z3L8JB7WBX;
				INFOPLIST_FILE = UITableViewDemoTests/Info.plist;
				LD_RUNPATH_SEARCH_PATHS = (
					"$(inherited)",
					"@executable_path/Frameworks",
					"@loader_path/Frameworks",
				);
				PRODUCT_BUNDLE_IDENTIFIER = com.charlie.UITableViewDemoTests;
				PRODUCT_NAME = "$(TARGET_NAME)";
				TARGETED_DEVICE_FAMILY = "1,2";
				TEST_HOST = "$(BUILT_PRODUCTS_DIR)/UITableViewDemo.app/UITableViewDemo";
			};
			name = Release;
		};
		E9326D7A219BBA7400C547FD /* Debug */ = {
			isa = XCBuildConfiguration;
			baseConfigurationReference = BCBD1CBE4F7FFE7E111075B5 /* Pods-UITableViewDemoUITests.debug.xcconfig */;
			buildSettings = {
				CODE_SIGN_STYLE = Automatic;
				DEVELOPMENT_TEAM = Z3L8JB7WBX;
				INFOPLIST_FILE = UITableViewDemoUITests/Info.plist;
				LD_RUNPATH_SEARCH_PATHS = (
					"$(inherited)",
					"@executable_path/Frameworks",
					"@loader_path/Frameworks",
				);
				PRODUCT_BUNDLE_IDENTIFIER = com.charlie.UITableViewDemoUITests;
				PRODUCT_NAME = "$(TARGET_NAME)";
				TARGETED_DEVICE_FAMILY = "1,2";
				TEST_TARGET_NAME = UITableViewDemo;
			};
			name = Debug;
		};
		E9326D7B219BBA7400C547FD /* Release */ = {
			isa = XCBuildConfiguration;
			baseConfigurationReference = 82925C109421CB2FDE3CC599 /* Pods-UITableViewDemoUITests.release.xcconfig */;
			buildSettings = {
				CODE_SIGN_STYLE = Automatic;
				DEVELOPMENT_TEAM = Z3L8JB7WBX;
				INFOPLIST_FILE = UITableViewDemoUITests/Info.plist;
				LD_RUNPATH_SEARCH_PATHS = (
					"$(inherited)",
					"@executable_path/Frameworks",
					"@loader_path/Frameworks",
				);
				PRODUCT_BUNDLE_IDENTIFIER = com.charlie.UITableViewDemoUITests;
				PRODUCT_NAME = "$(TARGET_NAME)";
				TARGETED_DEVICE_FAMILY = "1,2";
				TEST_TARGET_NAME = UITableViewDemo;
			};
			name = Release;
		};
/* End XCBuildConfiguration section */

/* Begin XCConfigurationList section */
		E9326D42219BBA7300C547FD /* Build configuration list for PBXProject "UITableViewDemo" */ = {
			isa = XCConfigurationList;
			buildConfigurations = (
				E9326D71219BBA7400C547FD /* Debug */,
				E9326D72219BBA7400C547FD /* Release */,
			);
			defaultConfigurationIsVisible = 0;
			defaultConfigurationName = Release;
		};
		E9326D73219BBA7400C547FD /* Build configuration list for PBXNativeTarget "UITableViewDemo" */ = {
			isa = XCConfigurationList;
			buildConfigurations = (
				E9326D74219BBA7400C547FD /* Debug */,
				E9326D75219BBA7400C547FD /* Release */,
			);
			defaultConfigurationIsVisible = 0;
			defaultConfigurationName = Release;
		};
		E9326D76219BBA7400C547FD /* Build configuration list for PBXNativeTarget "UITableViewDemoTests" */ = {
			isa = XCConfigurationList;
			buildConfigurations = (
				E9326D77219BBA7400C547FD /* Debug */,
				E9326D78219BBA7400C547FD /* Release */,
			);
			defaultConfigurationIsVisible = 0;
			defaultConfigurationName = Release;
		};
		E9326D79219BBA7400C547FD /* Build configuration list for PBXNativeTarget "UITableViewDemoUITests" */ = {
			isa = XCConfigurationList;
			buildConfigurations = (
				E9326D7A219BBA7400C547FD /* Debug */,
				E9326D7B219BBA7400C547FD /* Release */,
			);
			defaultConfigurationIsVisible = 0;
			defaultConfigurationName = Release;
		};
/* End XCConfigurationList section */
	};
	rootObject = E9326D3F219BBA7300C547FD /* Project object */;
}
